
Microsoft Visual Studio Solution File, Format Version 12.00
# Visual Studio 15
VisualStudioVersion = 15.0.28306.52
MinimumVisualStudioVersion = 10.0.40219.1
Project("{FAE04EC0-301F-11D3-BF4B-00C04F79EFBC}") = "IdP.SimpleClient", "IdP.SimpleClient\IdP.SimpleClient.csproj", "{689CC32A-D8A5-48D7-AC38-1B2FEF96751D}"
EndProject
Project("{FAE04EC0-301F-11D3-BF4B-00C04F79EFBC}") = "IdP.IdentityServer", "IdP.IdentityServer\IdP.IdentityServer.csproj", "{7E50D1A4-C46B-471E-BD0E-4A87AB37088D}"
EndProject
Global
	GlobalSection(SolutionConfigurationPlatforms) = preSolution
		Debug|Any CPU = Debug|Any CPU
		Release|Any CPU = Release|Any CPU
	EndGlobalSection
	GlobalSection(ProjectConfigurationPlatforms) = postSolution
		{689CC32A-D8A5-48D7-AC38-1B2FEF96751D}.Debug|Any CPU.ActiveCfg = Debug|Any CPU
		{689CC32A-D8A5-48D7-AC38-1B2FEF96751D}.Debug|Any CPU.Build.0 = Debug|Any CPU
		{689CC32A-D8A5-48D7-AC38-1B2FEF96751D}.Release|Any CPU.ActiveCfg = Release|Any CPU
		{689CC32A-D8A5-48D7-AC38-1B2FEF96751D}.Release|Any CPU.Build.0 = Release|Any CPU
		{7E50D1A4-C46B-471E-BD0E-4A87AB37088D}.Debug|Any CPU.ActiveCfg = Debug|Any CPU
		{7E50D1A4-C46B-471E-BD0E-4A87AB37088D}.Debug|Any CPU.Build.0 = Debug|Any CPU
		{7E50D1A4-C46B-471E-BD0E-4A87AB37088D}.Release|Any CPU.ActiveCfg = Release|Any CPU
		{7E50D1A4-C46B-471E-BD0E-4A87AB37088D}.Release|Any CPU.Build.0 = Release|Any CPU
	EndGlobalSection
	GlobalSection(SolutionProperties) = preSolution
		HideSolutionNode = FALSE
	EndGlobalSection
	GlobalSection(ExtensibilityGlobals) = postSolution
		SolutionGuid = {76F58662-C468-402E-AA83-3555BC5C7C28}
	EndGlobalSection
EndGlobal
